
Microsoft Visual Studio Solution File, Format Version 12.00
# Visual Studio Version 17
VisualStudioVersion = 17.5.33502.453
MinimumVisualStudioVersion = 10.0.40219.1
Project("{FAE04EC0-301F-11D3-BF4B-00C04F79EFBC}") = "FilmesApi", "FilmesApi\FilmesApi.csproj", "{D86F103A-9DA8-465B-8C15-2BCCC41B6DAC}"
EndProject
Global
	GlobalSection(SolutionConfigurationPlatforms) = preSolution
		Debug|Any CPU = Debug|Any CPU
		Release|Any CPU = Release|Any CPU
	EndGlobalSection
	GlobalSection(ProjectConfigurationPlatforms) = postSolution
		{D86F103A-9DA8-465B-8C15-2BCCC41B6DAC}.Debug|Any CPU.ActiveCfg = Debug|Any CPU
		{D86F103A-9DA8-465B-8C15-2BCCC41B6DAC}.Debug|Any CPU.Build.0 = Debug|Any CPU
		{D86F103A-9DA8-465B-8C15-2BCCC41B6DAC}.Release|Any CPU.ActiveCfg = Release|Any CPU
		{D86F103A-9DA8-465B-8C15-2BCCC41B6DAC}.Release|Any CPU.Build.0 = Release|Any CPU
	EndGlobalSection
	GlobalSection(SolutionProperties) = preSolution
		HideSolutionNode = FALSE
	EndGlobalSection
	GlobalSection(ExtensibilityGlobals) = postSolution
		SolutionGuid = {E50A0C65-B837-4F28-B966-5D8B702F1BDC}
	EndGlobalSection
EndGlobal
